
Microsoft Visual Studio Solution File, Format Version 12.00
# Visual Studio Version 17
VisualStudioVersion = 17.9.34902.65
MinimumVisualStudioVersion = 10.0.40219.1
Project("{9A19103F-16F7-4668-BE54-9A1E7A4F7556}") = "TowerOfHanoi", "TowerOfHanoi\TowerOfHanoi.csproj", "{90A2CADC-B6B2-492B-89A7-4DEBF1B22EB1}"
EndProject
Project("{FAE04EC0-301F-11D3-BF4B-00C04F79EFBC}") = "TowerOfHanoiTests", "TowerOfHanoiTests\TowerOfHanoiTests.csproj", "{59B265E1-A21F-408F-825E-2BD512E7FFFF}"
EndProject
Global
	GlobalSection(SolutionConfigurationPlatforms) = preSolution
		Debug|Any CPU = Debug|Any CPU
		Release|Any CPU = Release|Any CPU
	EndGlobalSection
	GlobalSection(ProjectConfigurationPlatforms) = postSolution
		{90A2CADC-B6B2-492B-89A7-4DEBF1B22EB1}.Debug|Any CPU.ActiveCfg = Debug|Any CPU
		{90A2CADC-B6B2-492B-89A7-4DEBF1B22EB1}.Debug|Any CPU.Build.0 = Debug|Any CPU
		{90A2CADC-B6B2-492B-89A7-4DEBF1B22EB1}.Release|Any CPU.ActiveCfg = Release|Any CPU
		{90A2CADC-B6B2-492B-89A7-4DEBF1B22EB1}.Release|Any CPU.Build.0 = Release|Any CPU
		{59B265E1-A21F-408F-825E-2BD512E7FFFF}.Debug|Any CPU.ActiveCfg = Debug|Any CPU
		{59B265E1-A21F-408F-825E-2BD512E7FFFF}.Debug|Any CPU.Build.0 = Debug|Any CPU
		{59B265E1-A21F-408F-825E-2BD512E7FFFF}.Release|Any CPU.ActiveCfg = Release|Any CPU
		{59B265E1-A21F-408F-825E-2BD512E7FFFF}.Release|Any CPU.Build.0 = Release|Any CPU
	EndGlobalSection
	GlobalSection(SolutionProperties) = preSolution
		HideSolutionNode = FALSE
	EndGlobalSection
	GlobalSection(ExtensibilityGlobals) = postSolution
		SolutionGuid = {FD30D97C-BD45-4442-8704-F691A085BB3A}
	EndGlobalSection
EndGlobal
